
Microsoft Visual Studio Solution File, Format Version 12.00
# Visual Studio Version 16
VisualStudioVersion = 16.0.32126.315
MinimumVisualStudioVersion = 10.0.40219.1
Project("{FAE04EC0-301F-11D3-BF4B-00C04F79EFBC}") = "powerOfTwo", "powerOfTwo\powerOfTwo.csproj", "{306C1E00-0D3B-4090-9AF1-332C6E184F93}"
EndProject
Global
	GlobalSection(SolutionConfigurationPlatforms) = preSolution
		Debug|Any CPU = Debug|Any CPU
		Release|Any CPU = Release|Any CPU
	EndGlobalSection
	GlobalSection(ProjectConfigurationPlatforms) = postSolution
		{306C1E00-0D3B-4090-9AF1-332C6E184F93}.Debug|Any CPU.ActiveCfg = Debug|Any CPU
		{306C1E00-0D3B-4090-9AF1-332C6E184F93}.Debug|Any CPU.Build.0 = Debug|Any CPU
		{306C1E00-0D3B-4090-9AF1-332C6E184F93}.Release|Any CPU.ActiveCfg = Release|Any CPU
		{306C1E00-0D3B-4090-9AF1-332C6E184F93}.Release|Any CPU.Build.0 = Release|Any CPU
	EndGlobalSection
	GlobalSection(SolutionProperties) = preSolution
		HideSolutionNode = FALSE
	EndGlobalSection
	GlobalSection(ExtensibilityGlobals) = postSolution
		SolutionGuid = {F9E3C6C7-EFE5-4088-88EF-C69FBF27D6FF}
	EndGlobalSection
EndGlobal
